Microsoft Visual Studio Solution File, Format Version 11.00
# Visual Studio 2010
Project("{FAE04EC0-301F-11D3-BF4B-00C04F79EFBC}") = "XPuzzle (4x4)", "XPuzzle (4x4).csproj", "{0EC81A1D-F40E-4CF1-B69B-E718E7CF3CD7}"
EndProject
Global
	GlobalSection(SolutionConfigurationPlatforms) = preSolution
		Debug|Any CPU = Debug|Any CPU
		Release|Any CPU = Release|Any CPU
	EndGlobalSection
	GlobalSection(ProjectConfigurationPlatforms) = postSolution
		{0EC81A1D-F40E-4CF1-B69B-E718E7CF3CD7}.Debug|Any CPU.ActiveCfg = Debug|Any CPU
		{0EC81A1D-F40E-4CF1-B69B-E718E7CF3CD7}.Debug|Any CPU.Build.0 = Debug|Any CPU
		{0EC81A1D-F40E-4CF1-B69B-E718E7CF3CD7}.Release|Any CPU.ActiveCfg = Release|Any CPU
		{0EC81A1D-F40E-4CF1-B69B-E718E7CF3CD7}.Release|Any CPU.Build.0 = Release|Any CPU
	EndGlobalSection
	GlobalSection(SolutionProperties) = preSolution
		HideSolutionNode = FALSE
	EndGlobalSection
EndGlobal
